
Microsoft Visual Studio Solution File, Format Version 12.00
# Visual Studio Version 16
VisualStudioVersion = 16.0.810.23
MinimumVisualStudioVersion = 10.0.40219.1
Project("{FAE04EC0-301F-11D3-BF4B-00C04F79EFBC}") = "SimpleMethod", "SimpleMethod\SimpleMethod.csproj", "{5659F6CC-8FAD-4FAB-92E7-3BF23D85C098}"
EndProject
Global
	GlobalSection(SolutionConfigurationPlatforms) = preSolution
		Debug|Any CPU = Debug|Any CPU
		Release|Any CPU = Release|Any CPU
	EndGlobalSection
	GlobalSection(ProjectConfigurationPlatforms) = postSolution
		{5659F6CC-8FAD-4FAB-92E7-3BF23D85C098}.Debug|Any CPU.ActiveCfg = Debug|Any CPU
		{5659F6CC-8FAD-4FAB-92E7-3BF23D85C098}.Debug|Any CPU.Build.0 = Debug|Any CPU
		{5659F6CC-8FAD-4FAB-92E7-3BF23D85C098}.Release|Any CPU.ActiveCfg = Release|Any CPU
		{5659F6CC-8FAD-4FAB-92E7-3BF23D85C098}.Release|Any CPU.Build.0 = Release|Any CPU
	EndGlobalSection
	GlobalSection(SolutionProperties) = preSolution
		HideSolutionNode = FALSE
	EndGlobalSection
	GlobalSection(ExtensibilityGlobals) = postSolution
		SolutionGuid = {749C852D-A286-41EE-A688-C4E6C034BBFA}
	EndGlobalSection
EndGlobal
